
Microsoft Visual Studio Solution File, Format Version 12.00
# Visual Studio Version 17
VisualStudioVersion = 17.6.33829.357
MinimumVisualStudioVersion = 10.0.40219.1
Project("{FAE04EC0-301F-11D3-BF4B-00C04F79EFBC}") = "StarWarsSessionTracker", "StarWarsSessionTracker\StarWarsSessionTracker.csproj", "{EA03B888-E24A-4940-80FC-914F2601E9E1}"
EndProject
Project("{2150E333-8FDC-42A3-9474-1A3956D46DE8}") = "Common", "Common", "{2A1381F5-46CE-4952-AF57-7F9285908F6A}"
EndProject
Project("{2150E333-8FDC-42A3-9474-1A3956D46DE8}") = "Repository", "Repository", "{69C1C4D7-C2D9-4445-9D72-247B568E973B}"
EndProject
Project("{2150E333-8FDC-42A3-9474-1A3956D46DE8}") = "Service", "Service", "{FCE96E34-595B-4705-8A76-A5445888AB9A}"
EndProject
Project("{2150E333-8FDC-42A3-9474-1A3956D46DE8}") = "Utilities", "Utilities", "{EFED1BCD-BB12-48E3-9565-5FADA37A3287}"
EndProject
Project("{FAE04EC0-301F-11D3-BF4B-00C04F79EFBC}") = "DTOs", "DTOs\DTOs.csproj", "{3B47101C-131E-4455-AFD7-26A0267AF769}"
EndProject
Project("{FAE04EC0-301F-11D3-BF4B-00C04F79EFBC}") = "Services", "Services\Services.csproj", "{EF54DBC2-C9B4-4B74-A0E6-4B7F9AB816DB}"
EndProject
Project("{FAE04EC0-301F-11D3-BF4B-00C04F79EFBC}") = "Services.Interfaces", "Services.Interfaces\Services.Interfaces.csproj", "{B4FEE1B2-F67F-42A8-B745-79C9F8D16D39}"
EndProject
Project("{FAE04EC0-301F-11D3-BF4B-00C04F79EFBC}") = "Configuration", "Configuration\Configuration.csproj", "{B79573CF-82C8-4EEE-9F52-98EB7F57F087}"
EndProject
Project("{FAE04EC0-301F-11D3-BF4B-00C04F79EFBC}") = "MigrationRunner", "MigrationRunner\MigrationRunner.csproj", "{00576A8C-2076-4DA0-9DE8-A6453B95513D}"
EndProject
Project("{FAE04EC0-301F-11D3-BF4B-00C04F79EFBC}") = "Migrations", "Migrations\Migrations.csproj", "{7170EB30-B33B-4401-8749-924407A90977}"
EndProject
Project("{FAE04EC0-301F-11D3-BF4B-00C04F79EFBC}") = "NHibernate.Setup", "NHibernate.Setup\NHibernate.Setup.csproj", "{68F6458B-4B0C-4D0C-8528-3A4226CE9D56}"
EndProject
Project("{FAE04EC0-301F-11D3-BF4B-00C04F79EFBC}") = "Models", "Models\Models.csproj", "{7655893D-DD8B-43C1-AEA6-F069F3AFEB31}"
EndProject
Project("{FAE04EC0-301F-11D3-BF4B-00C04F79EFBC}") = "Contracts.Repository", "Contracts.Repository\Contracts.Repository.csproj", "{B137B7A7-0139-48CD-920D-F31751A90105}"
EndProject
Global
	GlobalSection(SolutionConfigurationPlatforms) = preSolution
		Debug|Any CPU = Debug|Any CPU
		Release|Any CPU = Release|Any CPU
	EndGlobalSection
	GlobalSection(ProjectConfigurationPlatforms) = postSolution
		{EA03B888-E24A-4940-80FC-914F2601E9E1}.Debug|Any CPU.ActiveCfg = Debug|Any CPU
		{EA03B888-E24A-4940-80FC-914F2601E9E1}.Debug|Any CPU.Build.0 = Debug|Any CPU
		{EA03B888-E24A-4940-80FC-914F2601E9E1}.Release|Any CPU.ActiveCfg = Release|Any CPU
		{EA03B888-E24A-4940-80FC-914F2601E9E1}.Release|Any CPU.Build.0 = Release|Any CPU
		{3B47101C-131E-4455-AFD7-26A0267AF769}.Debug|Any CPU.ActiveCfg = Debug|Any CPU
		{3B47101C-131E-4455-AFD7-26A0267AF769}.Debug|Any CPU.Build.0 = Debug|Any CPU
		{3B47101C-131E-4455-AFD7-26A0267AF769}.Release|Any CPU.ActiveCfg = Release|Any CPU
		{3B47101C-131E-4455-AFD7-26A0267AF769}.Release|Any CPU.Build.0 = Release|Any CPU
		{EF54DBC2-C9B4-4B74-A0E6-4B7F9AB816DB}.Debug|Any CPU.ActiveCfg = Debug|Any CPU
		{EF54DBC2-C9B4-4B74-A0E6-4B7F9AB816DB}.Debug|Any CPU.Build.0 = Debug|Any CPU
		{EF54DBC2-C9B4-4B74-A0E6-4B7F9AB816DB}.Release|Any CPU.ActiveCfg = Release|Any CPU
		{EF54DBC2-C9B4-4B74-A0E6-4B7F9AB816DB}.Release|Any CPU.Build.0 = Release|Any CPU
		{B4FEE1B2-F67F-42A8-B745-79C9F8D16D39}.Debug|Any CPU.ActiveCfg = Debug|Any CPU
		{B4FEE1B2-F67F-42A8-B745-79C9F8D16D39}.Debug|Any CPU.Build.0 = Debug|Any CPU
		{B4FEE1B2-F67F-42A8-B745-79C9F8D16D39}.Release|Any CPU.ActiveCfg = Release|Any CPU
		{B4FEE1B2-F67F-42A8-B745-79C9F8D16D39}.Release|Any CPU.Build.0 = Release|Any CPU
		{B79573CF-82C8-4EEE-9F52-98EB7F57F087}.Debug|Any CPU.ActiveCfg = Debug|Any CPU
		{B79573CF-82C8-4EEE-9F52-98EB7F57F087}.Debug|Any CPU.Build.0 = Debug|Any CPU
		{B79573CF-82C8-4EEE-9F52-98EB7F57F087}.Release|Any CPU.ActiveCfg = Release|Any CPU
		{B79573CF-82C8-4EEE-9F52-98EB7F57F087}.Release|Any CPU.Build.0 = Release|Any CPU
		{00576A8C-2076-4DA0-9DE8-A6453B95513D}.Debug|Any CPU.ActiveCfg = Debug|Any CPU
		{00576A8C-2076-4DA0-9DE8-A6453B95513D}.Debug|Any CPU.Build.0 = Debug|Any CPU
		{00576A8C-2076-4DA0-9DE8-A6453B95513D}.Release|Any CPU.ActiveCfg = Release|Any CPU
		{00576A8C-2076-4DA0-9DE8-A6453B95513D}.Release|Any CPU.Build.0 = Release|Any CPU
		{7170EB30-B33B-4401-8749-924407A90977}.Debug|Any CPU.ActiveCfg = Debug|Any CPU
		{7170EB30-B33B-4401-8749-924407A90977}.Debug|Any CPU.Build.0 = Debug|Any CPU
		{7170EB30-B33B-4401-8749-924407A90977}.Release|Any CPU.ActiveCfg = Release|Any CPU
		{7170EB30-B33B-4401-8749-924407A90977}.Release|Any CPU.Build.0 = Release|Any CPU
		{68F6458B-4B0C-4D0C-8528-3A4226CE9D56}.Debug|Any CPU.ActiveCfg = Debug|Any CPU
		{68F6458B-4B0C-4D0C-8528-3A4226CE9D56}.Debug|Any CPU.Build.0 = Debug|Any CPU
		{68F6458B-4B0C-4D0C-8528-3A4226CE9D56}.Release|Any CPU.ActiveCfg = Release|Any CPU
		{68F6458B-4B0C-4D0C-8528-3A4226CE9D56}.Release|Any CPU.Build.0 = Release|Any CPU
		{7655893D-DD8B-43C1-AEA6-F069F3AFEB31}.Debug|Any CPU.ActiveCfg = Debug|Any CPU
		{7655893D-DD8B-43C1-AEA6-F069F3AFEB31}.Debug|Any CPU.Build.0 = Debug|Any CPU
		{7655893D-DD8B-43C1-AEA6-F069F3AFEB31}.Release|Any CPU.ActiveCfg = Release|Any CPU
		{7655893D-DD8B-43C1-AEA6-F069F3AFEB31}.Release|Any CPU.Build.0 = Release|Any CPU
		{B137B7A7-0139-48CD-920D-F31751A90105}.Debug|Any CPU.ActiveCfg = Debug|Any CPU
		{B137B7A7-0139-48CD-920D-F31751A90105}.Debug|Any CPU.Build.0 = Debug|Any CPU
		{B137B7A7-0139-48CD-920D-F31751A90105}.Release|Any CPU.ActiveCfg = Release|Any CPU
		{B137B7A7-0139-48CD-920D-F31751A90105}.Release|Any CPU.Build.0 = Release|Any CPU
	EndGlobalSection
	GlobalSection(SolutionProperties) = preSolution
		HideSolutionNode = FALSE
	EndGlobalSection
	GlobalSection(NestedProjects) = preSolution
		{3B47101C-131E-4455-AFD7-26A0267AF769} = {2A1381F5-46CE-4952-AF57-7F9285908F6A}
		{EF54DBC2-C9B4-4B74-A0E6-4B7F9AB816DB} = {FCE96E34-595B-4705-8A76-A5445888AB9A}
		{B4FEE1B2-F67F-42A8-B745-79C9F8D16D39} = {FCE96E34-595B-4705-8A76-A5445888AB9A}
		{B79573CF-82C8-4EEE-9F52-98EB7F57F087} = {2A1381F5-46CE-4952-AF57-7F9285908F6A}
		{00576A8C-2076-4DA0-9DE8-A6453B95513D} = {EFED1BCD-BB12-48E3-9565-5FADA37A3287}
		{7170EB30-B33B-4401-8749-924407A90977} = {EFED1BCD-BB12-48E3-9565-5FADA37A3287}
		{68F6458B-4B0C-4D0C-8528-3A4226CE9D56} = {69C1C4D7-C2D9-4445-9D72-247B568E973B}
		{7655893D-DD8B-43C1-AEA6-F069F3AFEB31} = {69C1C4D7-C2D9-4445-9D72-247B568E973B}
		{B137B7A7-0139-48CD-920D-F31751A90105} = {69C1C4D7-C2D9-4445-9D72-247B568E973B}
	EndGlobalSection
	GlobalSection(ExtensibilityGlobals) = postSolution
		SolutionGuid = {58C69014-10C1-4686-BAB7-BD59B902CBA0}
	EndGlobalSection
EndGlobal
